// !$*UTF8*$!
{
	archiveVersion = 1;
	classes = {
	};
	objectVersion = 55;
	objects = {

/* Begin PBXBuildFile section */
		14211FCF287D89E200A63D49 /* URLSessionNetworker.swift in Sources */ = {isa = PBXBuildFile; fileRef = 14211FCE287D89E200A63D49 /* URLSessionNetworker.swift */; };
		142F1C9F286E1DD50049ACD2 /* ScrollGalleryController.swift in Sources */ = {isa = PBXBuildFile; fileRef = 142F1C9E286E1DD50049ACD2 /* ScrollGalleryController.swift */; };
		142F1CA1286E1DF90049ACD2 /* ScrollGalleryController.xib in Resources */ = {isa = PBXBuildFile; fileRef = 142F1CA0286E1DF90049ACD2 /* ScrollGalleryController.xib */; };
		142F1CA3286E1F8E0049ACD2 /* ViewController.swift in Sources */ = {isa = PBXBuildFile; fileRef = 142F1CA2286E1F8E0049ACD2 /* ViewController.swift */; };
		14543780284F620100B12BDE /* GalleryViewController.swift in Sources */ = {isa = PBXBuildFile; fileRef = 1454377F284F620100B12BDE /* GalleryViewController.swift */; };
		14623754284E717100AD9411 /* CustomCollectionViewCell.swift in Sources */ = {isa = PBXBuildFile; fileRef = 14623752284E717100AD9411 /* CustomCollectionViewCell.swift */; };
		14623755284E717100AD9411 /* CustomCollectionViewCell.xib in Resources */ = {isa = PBXBuildFile; fileRef = 14623753284E717100AD9411 /* CustomCollectionViewCell.xib */; };
		1462375E284E827500AD9411 /* MyFriendsController+DataSource.swift in Sources */ = {isa = PBXBuildFile; fileRef = 1462375D284E827500AD9411 /* MyFriendsController+DataSource.swift */; };
		14623760284E835F00AD9411 /* MyFriendsControllerDelegate.swift in Sources */ = {isa = PBXBuildFile; fileRef = 1462375F284E835F00AD9411 /* MyFriendsControllerDelegate.swift */; };
		1463A33228509678006BF78A /* GalleryViewController+DataSource.swift in Sources */ = {isa = PBXBuildFile; fileRef = 1463A33128509678006BF78A /* GalleryViewController+DataSource.swift */; };
		1463A334285096C5006BF78A /* GalleryViewController+Delegate.swift in Sources */ = {isa = PBXBuildFile; fileRef = 1463A333285096C5006BF78A /* GalleryViewController+Delegate.swift */; };
		1463A336285096FA006BF78A /* GalleryViewController+DelegateFlowLayout.swift in Sources */ = {isa = PBXBuildFile; fileRef = 1463A335285096FA006BF78A /* GalleryViewController+DelegateFlowLayout.swift */; };
		1463A3392850978E006BF78A /* AllGroupViewController+DataSource.swift in Sources */ = {isa = PBXBuildFile; fileRef = 1463A3382850978E006BF78A /* AllGroupViewController+DataSource.swift */; };
		1463A33B285097A2006BF78A /* AllGroupViewController+Delegate.swift in Sources */ = {isa = PBXBuildFile; fileRef = 1463A33A285097A2006BF78A /* AllGroupViewController+Delegate.swift */; };
		1463A33E28509812006BF78A /* MyGroupViewController+DataSource.swift in Sources */ = {isa = PBXBuildFile; fileRef = 1463A33D28509812006BF78A /* MyGroupViewController+DataSource.swift */; };
		1463A34028509820006BF78A /* MyGroupViewController+Delegate.swift in Sources */ = {isa = PBXBuildFile; fileRef = 1463A33F28509820006BF78A /* MyGroupViewController+Delegate.swift */; };
		146411612876EF330052B34C /* Session.swift in Sources */ = {isa = PBXBuildFile; fileRef = 146411602876EF330052B34C /* Session.swift */; };
		1490B591283AA702009F1B66 /* AppDelegate.swift in Sources */ = {isa = PBXBuildFile; fileRef = 1490B590283AA702009F1B66 /* AppDelegate.swift */; };
		1490B593283AA702009F1B66 /* SceneDelegate.swift in Sources */ = {isa = PBXBuildFile; fileRef = 1490B592283AA702009F1B66 /* SceneDelegate.swift */; };
		1490B598283AA702009F1B66 /* Main.storyboard in Resources */ = {isa = PBXBuildFile; fileRef = 1490B596283AA702009F1B66 /* Main.storyboard */; };
		1490B59A283AA705009F1B66 /* Assets.xcassets in Resources */ = {isa = PBXBuildFile; fileRef = 1490B599283AA705009F1B66 /* Assets.xcassets */; };
		1490B59D283AA705009F1B66 /* LaunchScreen.storyboard in Resources */ = {isa = PBXBuildFile; fileRef = 1490B59B283AA705009F1B66 /* LaunchScreen.storyboard */; };
		1490B5A7283AA88D009F1B66 /* MainViewController.swift in Sources */ = {isa = PBXBuildFile; fileRef = 1490B5A6283AA88D009F1B66 /* MainViewController.swift */; };
		14A5738A288871A600EE7EF3 /* Getfriends.swift in Sources */ = {isa = PBXBuildFile; fileRef = 14A57389288871A600EE7EF3 /* Getfriends.swift */; };
		14A5738C2889BEF500EE7EF3 /* GetPhoto.swift in Sources */ = {isa = PBXBuildFile; fileRef = 14A5738B2889BEF500EE7EF3 /* GetPhoto.swift */; };
		14A57390288AC9C700EE7EF3 /* GetGroups.swift in Sources */ = {isa = PBXBuildFile; fileRef = 14A5738F288AC9C700EE7EF3 /* GetGroups.swift */; };
		14B3ABD82870D5450075E17A /* MyFriendsController+NavControlDelegate.swift in Sources */ = {isa = PBXBuildFile; fileRef = 14B3ABD72870D5450075E17A /* MyFriendsController+NavControlDelegate.swift */; };
		14B3ABDA2870D6E80075E17A /* Animator.swift in Sources */ = {isa = PBXBuildFile; fileRef = 14B3ABD92870D6E80075E17A /* Animator.swift */; };
		14B3ABDC2870E1D80075E17A /* AnimatorBack.swift in Sources */ = {isa = PBXBuildFile; fileRef = 14B3ABDB2870E1D80075E17A /* AnimatorBack.swift */; };
		14C119CA284A162400C8FBCD /* Friend.swift in Sources */ = {isa = PBXBuildFile; fileRef = 14C119C9284A162400C8FBCD /* Friend.swift */; };
		14C119CE284A17D600C8FBCD /* MyFriendsController.swift in Sources */ = {isa = PBXBuildFile; fileRef = 14C119CD284A17D600C8FBCD /* MyFriendsController.swift */; };
		14C119D2284A21A100C8FBCD /* CustomTableViewCell.swift in Sources */ = {isa = PBXBuildFile; fileRef = 14C119D0284A21A100C8FBCD /* CustomTableViewCell.swift */; };
		14C119D3284A21A100C8FBCD /* CustomTableViewCell.xib in Resources */ = {isa = PBXBuildFile; fileRef = 14C119D1284A21A100C8FBCD /* CustomTableViewCell.xib */; };
		14D42D68284F84D400000518 /* MyGroupViewController.swift in Sources */ = {isa = PBXBuildFile; fileRef = 14D42D67284F84D400000518 /* MyGroupViewController.swift */; };
		14D42D6A284F84EC00000518 /* AllGroupViewController.swift in Sources */ = {isa = PBXBuildFile; fileRef = 14D42D69284F84EC00000518 /* AllGroupViewController.swift */; };
		14D42D6C284F863900000518 /* Group.swift in Sources */ = {isa = PBXBuildFile; fileRef = 14D42D6B284F863900000518 /* Group.swift */; };
		14EC82A9285B3EB0005F2AD5 /* LikeViewController.swift in Sources */ = {isa = PBXBuildFile; fileRef = 14EC82A8285B3EB0005F2AD5 /* LikeViewController.swift */; };
		14EC82AC285B3EDA005F2AD5 /* LikeViewController.xib in Resources */ = {isa = PBXBuildFile; fileRef = 14EC82AB285B3EDA005F2AD5 /* LikeViewController.xib */; };
		CF2B771CF4E4D9D2BB168C06 /* Pods_VK.framework in Frameworks */ = {isa = PBXBuildFile; fileRef = 491FCED49077618CE54F428F /* Pods_VK.framework */; };
/* End PBXBuildFile section */

/* Begin PBXFileReference section */
		13DAA4C1032C0D5CC323D492 /* Pods-VK.release.xcconfig */ = {isa = PBXFileReference; includeInIndex = 1; lastKnownFileType = text.xcconfig; name = "Pods-VK.release.xcconfig"; path = "Target Support Files/Pods-VK/Pods-VK.release.xcconfig"; sourceTree = "<group>"; };
		14211FCE287D89E200A63D49 /* URLSessionNetworker.swift */ = {isa = PBXFileReference; lastKnownFileType = sourcecode.swift; path = URLSessionNetworker.swift; sourceTree = "<group>"; };
		142F1C9E286E1DD50049ACD2 /* ScrollGalleryController.swift */ = {isa = PBXFileReference; lastKnownFileType = sourcecode.swift; path = ScrollGalleryController.swift; sourceTree = "<group>"; };
		142F1CA0286E1DF90049ACD2 /* ScrollGalleryController.xib */ = {isa = PBXFileReference; lastKnownFileType = file.xib; path = ScrollGalleryController.xib; sourceTree = "<group>"; };
		142F1CA2286E1F8E0049ACD2 /* ViewController.swift */ = {isa = PBXFileReference; lastKnownFileType = sourcecode.swift; path = ViewController.swift; sourceTree = "<group>"; };
		1454377F284F620100B12BDE /* GalleryViewController.swift */ = {isa = PBXFileReference; lastKnownFileType = sourcecode.swift; path = GalleryViewController.swift; sourceTree = "<group>"; };
		14623752284E717100AD9411 /* CustomCollectionViewCell.swift */ = {isa = PBXFileReference; lastKnownFileType = sourcecode.swift; path = CustomCollectionViewCell.swift; sourceTree = "<group>"; };
		14623753284E717100AD9411 /* CustomCollectionViewCell.xib */ = {isa = PBXFileReference; lastKnownFileType = file.xib; path = CustomCollectionViewCell.xib; sourceTree = "<group>"; };
		1462375D284E827500AD9411 /* MyFriendsController+DataSource.swift */ = {isa = PBXFileReference; lastKnownFileType = sourcecode.swift; path = "MyFriendsController+DataSource.swift"; sourceTree = "<group>"; };
		1462375F284E835F00AD9411 /* MyFriendsControllerDelegate.swift */ = {isa = PBXFileReference; lastKnownFileType = sourcecode.swift; path = MyFriendsControllerDelegate.swift; sourceTree = "<group>"; };
		1463A33128509678006BF78A /* GalleryViewController+DataSource.swift */ = {isa = PBXFileReference; lastKnownFileType = sourcecode.swift; path = "GalleryViewController+DataSource.swift"; sourceTree = "<group>"; };
		1463A333285096C5006BF78A /* GalleryViewController+Delegate.swift */ = {isa = PBXFileReference; lastKnownFileType = sourcecode.swift; path = "GalleryViewController+Delegate.swift"; sourceTree = "<group>"; };
		1463A335285096FA006BF78A /* GalleryViewController+DelegateFlowLayout.swift */ = {isa = PBXFileReference; lastKnownFileType = sourcecode.swift; path = "GalleryViewController+DelegateFlowLayout.swift"; sourceTree = "<group>"; };
		1463A3382850978E006BF78A /* AllGroupViewController+DataSource.swift */ = {isa = PBXFileReference; lastKnownFileType = sourcecode.swift; path = "AllGroupViewController+DataSource.swift"; sourceTree = "<group>"; };
		1463A33A285097A2006BF78A /* AllGroupViewController+Delegate.swift */ = {isa = PBXFileReference; lastKnownFileType = sourcecode.swift; path = "AllGroupViewController+Delegate.swift"; sourceTree = "<group>"; };
		1463A33D28509812006BF78A /* MyGroupViewController+DataSource.swift */ = {isa = PBXFileReference; lastKnownFileType = sourcecode.swift; path = "MyGroupViewController+DataSource.swift"; sourceTree = "<group>"; };
		1463A33F28509820006BF78A /* MyGroupViewController+Delegate.swift */ = {isa = PBXFileReference; lastKnownFileType = sourcecode.swift; path = "MyGroupViewController+Delegate.swift"; sourceTree = "<group>"; };
		146411602876EF330052B34C /* Session.swift */ = {isa = PBXFileReference; lastKnownFileType = sourcecode.swift; path = Session.swift; sourceTree = "<group>"; };
		1490B58D283AA702009F1B66 /* VK.app */ = {isa = PBXFileReference; explicitFileType = wrapper.application; includeInIndex = 0; path = VK.app; sourceTree = BUILT_PRODUCTS_DIR; };
		1490B590283AA702009F1B66 /* AppDelegate.swift */ = {isa = PBXFileReference; lastKnownFileType = sourcecode.swift; path = AppDelegate.swift; sourceTree = "<group>"; };
		1490B592283AA702009F1B66 /* SceneDelegate.swift */ = {isa = PBXFileReference; lastKnownFileType = sourcecode.swift; path = SceneDelegate.swift; sourceTree = "<group>"; };
		1490B597283AA702009F1B66 /* Base */ = {isa = PBXFileReference; lastKnownFileType = file.storyboard; name = Base; path = Base.lproj/Main.storyboard; sourceTree = "<group>"; };
		1490B599283AA705009F1B66 /* Assets.xcassets */ = {isa = PBXFileReference; lastKnownFileType = folder.assetcatalog; path = Assets.xcassets; sourceTree = "<group>"; };
		1490B59C283AA705009F1B66 /* Base */ = {isa = PBXFileReference; lastKnownFileType = file.storyboard; name = Base; path = Base.lproj/LaunchScreen.storyboard; sourceTree = "<group>"; };
		1490B59E283AA705009F1B66 /* Info.plist */ = {isa = PBXFileReference; lastKnownFileType = text.plist.xml; path = Info.plist; sourceTree = "<group>"; };
		1490B5A6283AA88D009F1B66 /* MainViewController.swift */ = {isa = PBXFileReference; lastKnownFileType = sourcecode.swift; path = MainViewController.swift; sourceTree = "<group>"; };
		14A57389288871A600EE7EF3 /* Getfriends.swift */ = {isa = PBXFileReference; lastKnownFileType = sourcecode.swift; path = Getfriends.swift; sourceTree = "<group>"; };
		14A5738B2889BEF500EE7EF3 /* GetPhoto.swift */ = {isa = PBXFileReference; lastKnownFileType = sourcecode.swift; path = GetPhoto.swift; sourceTree = "<group>"; };
		14A5738F288AC9C700EE7EF3 /* GetGroups.swift */ = {isa = PBXFileReference; lastKnownFileType = sourcecode.swift; path = GetGroups.swift; sourceTree = "<group>"; };
		14B3ABD72870D5450075E17A /* MyFriendsController+NavControlDelegate.swift */ = {isa = PBXFileReference; lastKnownFileType = sourcecode.swift; path = "MyFriendsController+NavControlDelegate.swift"; sourceTree = "<group>"; };
		14B3ABD92870D6E80075E17A /* Animator.swift */ = {isa = PBXFileReference; lastKnownFileType = sourcecode.swift; path = Animator.swift; sourceTree = "<group>"; };
		14B3ABDB2870E1D80075E17A /* AnimatorBack.swift */ = {isa = PBXFileReference; lastKnownFileType = sourcecode.swift; path = AnimatorBack.swift; sourceTree = "<group>"; };
		14C119C9284A162400C8FBCD /* Friend.swift */ = {isa = PBXFileReference; lastKnownFileType = sourcecode.swift; path = Friend.swift; sourceTree = "<group>"; };
		14C119CD284A17D600C8FBCD /* MyFriendsController.swift */ = {isa = PBXFileReference; lastKnownFileType = sourcecode.swift; path = MyFriendsController.swift; sourceTree = "<group>"; };
		14C119D0284A21A100C8FBCD /* CustomTableViewCell.swift */ = {isa = PBXFileReference; lastKnownFileType = sourcecode.swift; path = CustomTableViewCell.swift; sourceTree = "<group>"; };
		14C119D1284A21A100C8FBCD /* CustomTableViewCell.xib */ = {isa = PBXFileReference; lastKnownFileType = file.xib; path = CustomTableViewCell.xib; sourceTree = "<group>"; };
		14D42D67284F84D400000518 /* MyGroupViewController.swift */ = {isa = PBXFileReference; lastKnownFileType = sourcecode.swift; path = MyGroupViewController.swift; sourceTree = "<group>"; };
		14D42D69284F84EC00000518 /* AllGroupViewController.swift */ = {isa = PBXFileReference; lastKnownFileType = sourcecode.swift; path = AllGroupViewController.swift; sourceTree = "<group>"; };
		14D42D6B284F863900000518 /* Group.swift */ = {isa = PBXFileReference; lastKnownFileType = sourcecode.swift; path = Group.swift; sourceTree = "<group>"; };
		14EC82A8285B3EB0005F2AD5 /* LikeViewController.swift */ = {isa = PBXFileReference; lastKnownFileType = sourcecode.swift; path = LikeViewController.swift; sourceTree = "<group>"; };
		14EC82AB285B3EDA005F2AD5 /* LikeViewController.xib */ = {isa = PBXFileReference; lastKnownFileType = file.xib; path = LikeViewController.xib; sourceTree = "<group>"; };
		491FCED49077618CE54F428F /* Pods_VK.framework */ = {isa = PBXFileReference; explicitFileType = wrapper.framework; includeInIndex = 0; path = Pods_VK.framework; sourceTree = BUILT_PRODUCTS_DIR; };
		C317A3CB6D5A8716FF18E23F /* Pods-VK.debug.xcconfig */ = {isa = PBXFileReference; includeInIndex = 1; lastKnownFileType = text.xcconfig; name = "Pods-VK.debug.xcconfig"; path = "Target Support Files/Pods-VK/Pods-VK.debug.xcconfig"; sourceTree = "<group>"; };
/* End PBXFileReference section */

/* Begin PBXFrameworksBuildPhase section */
		1490B58A283AA702009F1B66 /* Frameworks */ = {
			isa = PBXFrameworksBuildPhase;
			buildActionMask = 2147483647;
			files = (
				CF2B771CF4E4D9D2BB168C06 /* Pods_VK.framework in Frameworks */,
			);
			runOnlyForDeploymentPostprocessing = 0;
		};
/* End PBXFrameworksBuildPhase section */

/* Begin PBXGroup section */
		14211FD1287D8DA000A63D49 /* MainViewController */ = {
			isa = PBXGroup;
			children = (
				1490B5A6283AA88D009F1B66 /* MainViewController.swift */,
			);
			path = MainViewController;
			sourceTree = "<group>";
		};
		142F1C9D286E1D660049ACD2 /* ScrollGalleryController */ = {
			isa = PBXGroup;
			children = (
				142F1C9E286E1DD50049ACD2 /* ScrollGalleryController.swift */,
				142F1CA0286E1DF90049ACD2 /* ScrollGalleryController.xib */,
				142F1CA2286E1F8E0049ACD2 /* ViewController.swift */,
			);
			path = ScrollGalleryController;
			sourceTree = "<group>";
		};
		14623759284E81B800AD9411 /* Controllers */ = {
			isa = PBXGroup;
			children = (
				14211FD1287D8DA000A63D49 /* MainViewController */,
				142F1C9D286E1D660049ACD2 /* ScrollGalleryController */,
				1463A33C285097EF006BF78A /* MyGroupViewController */,
				1463A33728509769006BF78A /* AllGroupViewController */,
				1463A33028509638006BF78A /* GalleryViewController */,
				1462375A284E81D200AD9411 /* MyFriendsController */,
				14EC82AA285B3EB5005F2AD5 /* LikeViewController */,
			);
			path = Controllers;
			sourceTree = "<group>";
		};
		1462375A284E81D200AD9411 /* MyFriendsController */ = {
			isa = PBXGroup;
			children = (
				14C119CD284A17D600C8FBCD /* MyFriendsController.swift */,
				1462375F284E835F00AD9411 /* MyFriendsControllerDelegate.swift */,
				1462375D284E827500AD9411 /* MyFriendsController+DataSource.swift */,
				14B3ABD72870D5450075E17A /* MyFriendsController+NavControlDelegate.swift */,
				14B3ABD92870D6E80075E17A /* Animator.swift */,
				14B3ABDB2870E1D80075E17A /* AnimatorBack.swift */,
			);
			path = MyFriendsController;
			sourceTree = "<group>";
		};
		1463A33028509638006BF78A /* GalleryViewController */ = {
			isa = PBXGroup;
			children = (
				1454377F284F620100B12BDE /* GalleryViewController.swift */,
				1463A33128509678006BF78A /* GalleryViewController+DataSource.swift */,
				1463A333285096C5006BF78A /* GalleryViewController+Delegate.swift */,
				1463A335285096FA006BF78A /* GalleryViewController+DelegateFlowLayout.swift */,
			);
			path = GalleryViewController;
			sourceTree = "<group>";
		};
		1463A33728509769006BF78A /* AllGroupViewController */ = {
			isa = PBXGroup;
			children = (
				14D42D69284F84EC00000518 /* AllGroupViewController.swift */,
				1463A3382850978E006BF78A /* AllGroupViewController+DataSource.swift */,
				1463A33A285097A2006BF78A /* AllGroupViewController+Delegate.swift */,
			);
			path = AllGroupViewController;
			sourceTree = "<group>";
		};
		1463A33C285097EF006BF78A /* MyGroupViewController */ = {
			isa = PBXGroup;
			children = (
				14D42D67284F84D400000518 /* MyGroupViewController.swift */,
				1463A33D28509812006BF78A /* MyGroupViewController+DataSource.swift */,
				1463A33F28509820006BF78A /* MyGroupViewController+Delegate.swift */,
			);
			path = MyGroupViewController;
			sourceTree = "<group>";
		};
		1463A34128509956006BF78A /* Structures */ = {
			isa = PBXGroup;
			children = (
				14D42D6B284F863900000518 /* Group.swift */,
				14C119C9284A162400C8FBCD /* Friend.swift */,
			);
			path = Structures;
			sourceTree = "<group>";
		};
		1463A34228509993006BF78A /* Delegate */ = {
			isa = PBXGroup;
			children = (
				1490B590283AA702009F1B66 /* AppDelegate.swift */,
				1490B592283AA702009F1B66 /* SceneDelegate.swift */,
			);
			path = Delegate;
			sourceTree = "<group>";
		};
		1464115F2876EF150052B34C /* Singleton */ = {
			isa = PBXGroup;
			children = (
				146411602876EF330052B34C /* Session.swift */,
				14211FCE287D89E200A63D49 /* URLSessionNetworker.swift */,
			);
			path = Singleton;
			sourceTree = "<group>";
		};
		1490B584283AA701009F1B66 = {
			isa = PBXGroup;
			children = (
				1490B58F283AA702009F1B66 /* VK */,
				1490B58E283AA702009F1B66 /* Products */,
				7182D19548B02C200A07A4DD /* Pods */,
				60188260409FCA942C32AB96 /* Frameworks */,
			);
			sourceTree = "<group>";
		};
		1490B58E283AA702009F1B66 /* Products */ = {
			isa = PBXGroup;
			children = (
				1490B58D283AA702009F1B66 /* VK.app */,
			);
			name = Products;
			sourceTree = "<group>";
		};
		1490B58F283AA702009F1B66 /* VK */ = {
			isa = PBXGroup;
			children = (
				14A573882888714B00EE7EF3 /* JsonDecoder */,
				1464115F2876EF150052B34C /* Singleton */,
				1463A34228509993006BF78A /* Delegate */,
				1463A34128509956006BF78A /* Structures */,
				14C119CF284A212B00C8FBCD /* Cell */,
				14623759284E81B800AD9411 /* Controllers */,
				1490B596283AA702009F1B66 /* Main.storyboard */,
				1490B599283AA705009F1B66 /* Assets.xcassets */,
				1490B59B283AA705009F1B66 /* LaunchScreen.storyboard */,
				1490B59E283AA705009F1B66 /* Info.plist */,
			);
			path = VK;
			sourceTree = "<group>";
		};
		14A573882888714B00EE7EF3 /* JsonDecoder */ = {
			isa = PBXGroup;
			children = (
				14A57389288871A600EE7EF3 /* Getfriends.swift */,
				14A5738B2889BEF500EE7EF3 /* GetPhoto.swift */,
				14A5738F288AC9C700EE7EF3 /* GetGroups.swift */,
			);
			path = JsonDecoder;
			sourceTree = "<group>";
		};
		14C119CF284A212B00C8FBCD /* Cell */ = {
			isa = PBXGroup;
			children = (
				14623752284E717100AD9411 /* CustomCollectionViewCell.swift */,
				14623753284E717100AD9411 /* CustomCollectionViewCell.xib */,
				14C119D0284A21A100C8FBCD /* CustomTableViewCell.swift */,
				14C119D1284A21A100C8FBCD /* CustomTableViewCell.xib */,
			);
			path = Cell;
			sourceTree = "<group>";
		};
		14EC82AA285B3EB5005F2AD5 /* LikeViewController */ = {
			isa = PBXGroup;
			children = (
				14EC82A8285B3EB0005F2AD5 /* LikeViewController.swift */,
				14EC82AB285B3EDA005F2AD5 /* LikeViewController.xib */,
			);
			path = LikeViewController;
			sourceTree = "<group>";
		};
		60188260409FCA942C32AB96 /* Frameworks */ = {
			isa = PBXGroup;
			children = (
				491FCED49077618CE54F428F /* Pods_VK.framework */,
			);
			name = Frameworks;
			sourceTree = "<group>";
		};
		7182D19548B02C200A07A4DD /* Pods */ = {
			isa = PBXGroup;
			children = (
				C317A3CB6D5A8716FF18E23F /* Pods-VK.debug.xcconfig */,
				13DAA4C1032C0D5CC323D492 /* Pods-VK.release.xcconfig */,
			);
			path = Pods;
			sourceTree = "<group>";
		};
/* End PBXGroup section */

/* Begin PBXNativeTarget section */
		1490B58C283AA702009F1B66 /* VK */ = {
			isa = PBXNativeTarget;
			buildConfigurationList = 1490B5A1283AA705009F1B66 /* Build configuration list for PBXNativeTarget "VK" */;
			buildPhases = (
				BD4521AAF61FFB9EAB9AA567 /* [CP] Check Pods Manifest.lock */,
				1490B589283AA702009F1B66 /* Sources */,
				1490B58A283AA702009F1B66 /* Frameworks */,
				1490B58B283AA702009F1B66 /* Resources */,
				9B799B26F7872218E7AC08E6 /* [CP] Embed Pods Frameworks */,
			);
			buildRules = (
			);
			dependencies = (
			);
			name = VK;
			productName = VK;
			productReference = 1490B58D283AA702009F1B66 /* VK.app */;
			productType = "com.apple.product-type.application";
		};
/* End PBXNativeTarget section */

/* Begin PBXProject section */
		1490B585283AA701009F1B66 /* Project object */ = {
			isa = PBXProject;
			attributes = {
				BuildIndependentTargetsInParallel = 1;
				LastSwiftUpdateCheck = 1330;
				LastUpgradeCheck = 1330;
				TargetAttributes = {
					1490B58C283AA702009F1B66 = {
						CreatedOnToolsVersion = 13.3.1;
					};
				};
			};
			buildConfigurationList = 1490B588283AA701009F1B66 /* Build configuration list for PBXProject "VK" */;
			compatibilityVersion = "Xcode 13.0";
			developmentRegion = en;
			hasScannedForEncodings = 0;
			knownRegions = (
				en,
				Base,
			);
			mainGroup = 1490B584283AA701009F1B66;
			productRefGroup = 1490B58E283AA702009F1B66 /* Products */;
			projectDirPath = "";
			projectRoot = "";
			targets = (
				1490B58C283AA702009F1B66 /* VK */,
			);
		};
/* End PBXProject section */

/* Begin PBXResourcesBuildPhase section */
		1490B58B283AA702009F1B66 /* Resources */ = {
			isa = PBXResourcesBuildPhase;
			buildActionMask = 2147483647;
			files = (
				1490B59D283AA705009F1B66 /* LaunchScreen.storyboard in Resources */,
				14EC82AC285B3EDA005F2AD5 /* LikeViewController.xib in Resources */,
				1490B59A283AA705009F1B66 /* Assets.xcassets in Resources */,
				14C119D3284A21A100C8FBCD /* CustomTableViewCell.xib in Resources */,
				14623755284E717100AD9411 /* CustomCollectionViewCell.xib in Resources */,
				1490B598283AA702009F1B66 /* Main.storyboard in Resources */,
				142F1CA1286E1DF90049ACD2 /* ScrollGalleryController.xib in Resources */,
			);
			runOnlyForDeploymentPostprocessing = 0;
		};
/* End PBXResourcesBuildPhase section */

/* Begin PBXShellScriptBuildPhase section */
		9B799B26F7872218E7AC08E6 /* [CP] Embed Pods Frameworks */ = {
			isa = PBXShellScriptBuildPhase;
			buildActionMask = 2147483647;
			files = (
			);
			inputFileListPaths = (
				"${PODS_ROOT}/Target Support Files/Pods-VK/Pods-VK-frameworks-${CONFIGURATION}-input-files.xcfilelist",
			);
			name = "[CP] Embed Pods Frameworks";
			outputFileListPaths = (
				"${PODS_ROOT}/Target Support Files/Pods-VK/Pods-VK-frameworks-${CONFIGURATION}-output-files.xcfilelist",
			);
			runOnlyForDeploymentPostprocessing = 0;
			shellPath = /bin/sh;
			shellScript = "\"${PODS_ROOT}/Target Support Files/Pods-VK/Pods-VK-frameworks.sh\"\n";
			showEnvVarsInLog = 0;
		};
		BD4521AAF61FFB9EAB9AA567 /* [CP] Check Pods Manifest.lock */ = {
			isa = PBXShellScriptBuildPhase;
			buildActionMask = 2147483647;
			files = (
			);
			inputFileListPaths = (
			);
			inputPaths = (
				"${PODS_PODFILE_DIR_PATH}/Podfile.lock",
				"${PODS_ROOT}/Manifest.lock",
			);
			name = "[CP] Check Pods Manifest.lock";
			outputFileListPaths = (
			);
			outputPaths = (
				"$(DERIVED_FILE_DIR)/Pods-VK-checkManifestLockResult.txt",
			);
			runOnlyForDeploymentPostprocessing = 0;
			shellPath = /bin/sh;
			shellScript = "diff \"${PODS_PODFILE_DIR_PATH}/Podfile.lock\" \"${PODS_ROOT}/Manifest.lock\" > /dev/null\nif [ $? != 0 ] ; then\n    # print error to STDERR\n    echo \"error: The sandbox is not in sync with the Podfile.lock. Run 'pod install' or update your CocoaPods installation.\" >&2\n    exit 1\nfi\n# This output is used by Xcode 'outputs' to avoid re-running this script phase.\necho \"SUCCESS\" > \"${SCRIPT_OUTPUT_FILE_0}\"\n";
			showEnvVarsInLog = 0;
		};
/* End PBXShellScriptBuildPhase section */

/* Begin PBXSourcesBuildPhase section */
		1490B589283AA702009F1B66 /* Sources */ = {
			isa = PBXSourcesBuildPhase;
			buildActionMask = 2147483647;
			files = (
				14D42D68284F84D400000518 /* MyGroupViewController.swift in Sources */,
				1463A3392850978E006BF78A /* AllGroupViewController+DataSource.swift in Sources */,
				14EC82A9285B3EB0005F2AD5 /* LikeViewController.swift in Sources */,
				14623760284E835F00AD9411 /* MyFriendsControllerDelegate.swift in Sources */,
				1463A33B285097A2006BF78A /* AllGroupViewController+Delegate.swift in Sources */,
				14B3ABDA2870D6E80075E17A /* Animator.swift in Sources */,
				14C119D2284A21A100C8FBCD /* CustomTableViewCell.swift in Sources */,
				14623754284E717100AD9411 /* CustomCollectionViewCell.swift in Sources */,
				142F1CA3286E1F8E0049ACD2 /* ViewController.swift in Sources */,
				1463A336285096FA006BF78A /* GalleryViewController+DelegateFlowLayout.swift in Sources */,
				1463A33228509678006BF78A /* GalleryViewController+DataSource.swift in Sources */,
				14A5738A288871A600EE7EF3 /* Getfriends.swift in Sources */,
				1490B591283AA702009F1B66 /* AppDelegate.swift in Sources */,
				1490B593283AA702009F1B66 /* SceneDelegate.swift in Sources */,
				14A57390288AC9C700EE7EF3 /* GetGroups.swift in Sources */,
				1463A33E28509812006BF78A /* MyGroupViewController+DataSource.swift in Sources */,
				1463A34028509820006BF78A /* MyGroupViewController+Delegate.swift in Sources */,
				14D42D6C284F863900000518 /* Group.swift in Sources */,
				14211FCF287D89E200A63D49 /* URLSessionNetworker.swift in Sources */,
				1463A334285096C5006BF78A /* GalleryViewController+Delegate.swift in Sources */,
				146411612876EF330052B34C /* Session.swift in Sources */,
				1462375E284E827500AD9411 /* MyFriendsController+DataSource.swift in Sources */,
				14C119CE284A17D600C8FBCD /* MyFriendsController.swift in Sources */,
				14D42D6A284F84EC00000518 /* AllGroupViewController.swift in Sources */,
				1490B5A7283AA88D009F1B66 /* MainViewController.swift in Sources */,
				14B3ABDC2870E1D80075E17A /* AnimatorBack.swift in Sources */,
				14A5738C2889BEF500EE7EF3 /* GetPhoto.swift in Sources */,
				142F1C9F286E1DD50049ACD2 /* ScrollGalleryController.swift in Sources */,
				14C119CA284A162400C8FBCD /* Friend.swift in Sources */,
				14B3ABD82870D5450075E17A /* MyFriendsController+NavControlDelegate.swift in Sources */,
				14543780284F620100B12BDE /* GalleryViewController.swift in Sources */,
			);
			runOnlyForDeploymentPostprocessing = 0;
		};
/* End PBXSourcesBuildPhase section */

/* Begin PBXVariantGroup section */
		1490B596283AA702009F1B66 /* Main.storyboard */ = {
			isa = PBXVariantGroup;
			children = (
				1490B597283AA702009F1B66 /* Base */,
			);
			name = Main.storyboard;
			sourceTree = "<group>";
		};
		1490B59B283AA705009F1B66 /* LaunchScreen.storyboard */ = {
			isa = PBXVariantGroup;
			children = (
				1490B59C283AA705009F1B66 /* Base */,
			);
			name = LaunchScreen.storyboard;
			sourceTree = "<group>";
		};
/* End PBXVariantGroup section */

/* Begin XCBuildConfiguration section */
		1490B59F283AA705009F1B66 /* Debug */ = {
			isa = XCBuildConfiguration;
			buildSettings = {
				ALWAYS_SEARCH_USER_PATHS = NO;
				CLANG_ANALYZER_NONNULL = YES;
				CLANG_ANALYZER_NUMBER_OBJECT_CONVERSION = YES_AGGRESSIVE;
				CLANG_CXX_LANGUAGE_STANDARD = "gnu++17";
				CLANG_ENABLE_MODULES = YES;
				CLANG_ENABLE_OBJC_ARC = YES;
				CLANG_ENABLE_OBJC_WEAK = YES;
				CLANG_WARN_BLOCK_CAPTURE_AUTORELEASING = YES;
				CLANG_WARN_BOOL_CONVERSION = YES;
				CLANG_WARN_COMMA = YES;
				CLANG_WARN_CONSTANT_CONVERSION = YES;
				CLANG_WARN_DEPRECATED_OBJC_IMPLEMENTATIONS = YES;
				CLANG_WARN_DIRECT_OBJC_ISA_USAGE = YES_ERROR;
				CLANG_WARN_DOCUMENTATION_COMMENTS = YES;
				CLANG_WARN_EMPTY_BODY = YES;
				CLANG_WARN_ENUM_CONVERSION = YES;
				CLANG_WARN_INFINITE_RECURSION = YES;
				CLANG_WARN_INT_CONVERSION = YES;
				CLANG_WARN_NON_LITERAL_NULL_CONVERSION = YES;
				CLANG_WARN_OBJC_IMPLICIT_RETAIN_SELF = YES;
				CLANG_WARN_OBJC_LITERAL_CONVERSION = YES;
				CLANG_WARN_OBJC_ROOT_CLASS = YES_ERROR;
				CLANG_WARN_QUOTED_INCLUDE_IN_FRAMEWORK_HEADER = YES;
				CLANG_WARN_RANGE_LOOP_ANALYSIS = YES;
				CLANG_WARN_STRICT_PROTOTYPES = YES;
				CLANG_WARN_SUSPICIOUS_MOVE = YES;
				CLANG_WARN_UNGUARDED_AVAILABILITY = YES_AGGRESSIVE;
				CLANG_WARN_UNREACHABLE_CODE = YES;
				CLANG_WARN__DUPLICATE_METHOD_MATCH = YES;
				COPY_PHASE_STRIP = NO;
				DEBUG_INFORMATION_FORMAT = dwarf;
				ENABLE_STRICT_OBJC_MSGSEND = YES;
				ENABLE_TESTABILITY = YES;
				GCC_C_LANGUAGE_STANDARD = gnu11;
				GCC_DYNAMIC_NO_PIC = NO;
				GCC_NO_COMMON_BLOCKS = YES;
				GCC_OPTIMIZATION_LEVEL = 0;
				GCC_PREPROCESSOR_DEFINITIONS = (
					"DEBUG=1",
					"$(inherited)",
				);
				GCC_WARN_64_TO_32_BIT_CONVERSION = YES;
				GCC_WARN_ABOUT_RETURN_TYPE = YES_ERROR;
				GCC_WARN_UNDECLARED_SELECTOR = YES;
				GCC_WARN_UNINITIALIZED_AUTOS = YES_AGGRESSIVE;
				GCC_WARN_UNUSED_FUNCTION = YES;
				GCC_WARN_UNUSED_VARIABLE = YES;
				IPHONEOS_DEPLOYMENT_TARGET = 15.4;
				MTL_ENABLE_DEBUG_INFO = INCLUDE_SOURCE;
				MTL_FAST_MATH = YES;
				ONLY_ACTIVE_ARCH = YES;
				SDKROOT = iphoneos;
				SWIFT_ACTIVE_COMPILATION_CONDITIONS = DEBUG;
				SWIFT_OPTIMIZATION_LEVEL = "-Onone";
			};
			name = Debug;
		};
		1490B5A0283AA705009F1B66 /* Release */ = {
			isa = XCBuildConfiguration;
			buildSettings = {
				ALWAYS_SEARCH_USER_PATHS = NO;
				CLANG_ANALYZER_NONNULL = YES;
				CLANG_ANALYZER_NUMBER_OBJECT_CONVERSION = YES_AGGRESSIVE;
				CLANG_CXX_LANGUAGE_STANDARD = "gnu++17";
				CLANG_ENABLE_MODULES = YES;
				CLANG_ENABLE_OBJC_ARC = YES;
				CLANG_ENABLE_OBJC_WEAK = YES;
				CLANG_WARN_BLOCK_CAPTURE_AUTORELEASING = YES;
				CLANG_WARN_BOOL_CONVERSION = YES;
				CLANG_WARN_COMMA = YES;
				CLANG_WARN_CONSTANT_CONVERSION = YES;
				CLANG_WARN_DEPRECATED_OBJC_IMPLEMENTATIONS = YES;
				CLANG_WARN_DIRECT_OBJC_ISA_USAGE = YES_ERROR;
				CLANG_WARN_DOCUMENTATION_COMMENTS = YES;
				CLANG_WARN_EMPTY_BODY = YES;
				CLANG_WARN_ENUM_CONVERSION = YES;
				CLANG_WARN_INFINITE_RECURSION = YES;
				CLANG_WARN_INT_CONVERSION = YES;
				CLANG_WARN_NON_LITERAL_NULL_CONVERSION = YES;
				CLANG_WARN_OBJC_IMPLICIT_RETAIN_SELF = YES;
				CLANG_WARN_OBJC_LITERAL_CONVERSION = YES;
				CLANG_WARN_OBJC_ROOT_CLASS = YES_ERROR;
				CLANG_WARN_QUOTED_INCLUDE_IN_FRAMEWORK_HEADER = YES;
				CLANG_WARN_RANGE_LOOP_ANALYSIS = YES;
				CLANG_WARN_STRICT_PROTOTYPES = YES;
				CLANG_WARN_SUSPICIOUS_MOVE = YES;
				CLANG_WARN_UNGUARDED_AVAILABILITY = YES_AGGRESSIVE;
				CLANG_WARN_UNREACHABLE_CODE = YES;
				CLANG_WARN__DUPLICATE_METHOD_MATCH = YES;
				COPY_PHASE_STRIP = NO;
				DEBUG_INFORMATION_FORMAT = "dwarf-with-dsym";
				ENABLE_NS_ASSERTIONS = NO;
				ENABLE_STRICT_OBJC_MSGSEND = YES;
				GCC_C_LANGUAGE_STANDARD = gnu11;
				GCC_NO_COMMON_BLOCKS = YES;
				GCC_WARN_64_TO_32_BIT_CONVERSION = YES;
				GCC_WARN_ABOUT_RETURN_TYPE = YES_ERROR;
				GCC_WARN_UNDECLARED_SELECTOR = YES;
				GCC_WARN_UNINITIALIZED_AUTOS = YES_AGGRESSIVE;
				GCC_WARN_UNUSED_FUNCTION = YES;
				GCC_WARN_UNUSED_VARIABLE = YES;
				IPHONEOS_DEPLOYMENT_TARGET = 15.4;
				MTL_ENABLE_DEBUG_INFO = NO;
				MTL_FAST_MATH = YES;
				SDKROOT = iphoneos;
				SWIFT_COMPILATION_MODE = wholemodule;
				SWIFT_OPTIMIZATION_LEVEL = "-O";
				VALIDATE_PRODUCT = YES;
			};
			name = Release;
		};
		1490B5A2283AA705009F1B66 /* Debug */ = {
			isa = XCBuildConfiguration;
			baseConfigurationReference = C317A3CB6D5A8716FF18E23F /* Pods-VK.debug.xcconfig */;
			buildSettings = {
				ASSETCATALOG_COMPILER_APPICON_NAME = AppIcon;
				ASSETCATALOG_COMPILER_GLOBAL_ACCENT_COLOR_NAME = AccentColor;
				CODE_SIGN_STYLE = Automatic;
				CURRENT_PROJECT_VERSION = 1;
				DEVELOPMENT_TEAM = QMZPJ44ZR3;
				GENERATE_INFOPLIST_FILE = YES;
				INFOPLIST_FILE = VK/Info.plist;
				INFOPLIST_KEY_UIApplicationSupportsIndirectInputEvents = YES;
				INFOPLIST_KEY_UILaunchStoryboardName = LaunchScreen;
				INFOPLIST_KEY_UIMainStoryboardFile = Main;
				INFOPLIST_KEY_UISupportedInterfaceOrientations_iPad = "UIInterfaceOrientationPortrait UIInterfaceOrientationPortraitUpsideDown UIInterfaceOrientationLandscapeLeft UIInterfaceOrientationLandscapeRight";
				INFOPLIST_KEY_UISupportedInterfaceOrientations_iPhone = "UIInterfaceOrientationPortrait UIInterfaceOrientationLandscapeLeft UIInterfaceOrientationLandscapeRight";
				LD_RUNPATH_SEARCH_PATHS = (
					"$(inherited)",
					"@executable_path/Frameworks",
				);
				MARKETING_VERSION = 1.0;
				PRODUCT_BUNDLE_IDENTIFIER = BubeshkaA.VK;
				PRODUCT_NAME = "$(TARGET_NAME)";
				SWIFT_EMIT_LOC_STRINGS = YES;
				SWIFT_VERSION = 5.0;
				TARGETED_DEVICE_FAMILY = "1,2";
			};
			name = Debug;
		};
		1490B5A3283AA705009F1B66 /* Release */ = {
			isa = XCBuildConfiguration;
			baseConfigurationReference = 13DAA4C1032C0D5CC323D492 /* Pods-VK.release.xcconfig */;
			buildSettings = {
				ASSETCATALOG_COMPILER_APPICON_NAME = AppIcon;
				ASSETCATALOG_COMPILER_GLOBAL_ACCENT_COLOR_NAME = AccentColor;
				CODE_SIGN_STYLE = Automatic;
				CURRENT_PROJECT_VERSION = 1;
				DEVELOPMENT_TEAM = QMZPJ44ZR3;
				GENERATE_INFOPLIST_FILE = YES;
				INFOPLIST_FILE = VK/Info.plist;
				INFOPLIST_KEY_UIApplicationSupportsIndirectInputEvents = YES;
				INFOPLIST_KEY_UILaunchStoryboardName = LaunchScreen;
				INFOPLIST_KEY_UIMainStoryboardFile = Main;
				INFOPLIST_KEY_UISupportedInterfaceOrientations_iPad = "UIInterfaceOrientationPortrait UIInterfaceOrientationPortraitUpsideDown UIInterfaceOrientationLandscapeLeft UIInterfaceOrientationLandscapeRight";
				INFOPLIST_KEY_UISupportedInterfaceOrientations_iPhone = "UIInterfaceOrientationPortrait UIInterfaceOrientationLandscapeLeft UIInterfaceOrientationLandscapeRight";
				LD_RUNPATH_SEARCH_PATHS = (
					"$(inherited)",
					"@executable_path/Frameworks",
				);
				MARKETING_VERSION = 1.0;
				PRODUCT_BUNDLE_IDENTIFIER = BubeshkaA.VK;
				PRODUCT_NAME = "$(TARGET_NAME)";
				SWIFT_EMIT_LOC_STRINGS = YES;
				SWIFT_VERSION = 5.0;
				TARGETED_DEVICE_FAMILY = "1,2";
			};
			name = Release;
		};
/* End XCBuildConfiguration section */

/* Begin XCConfigurationList section */
		1490B588283AA701009F1B66 /* Build configuration list for PBXProject "VK" */ = {
			isa = XCConfigurationList;
			buildConfigurations = (
				1490B59F283AA705009F1B66 /* Debug */,
				1490B5A0283AA705009F1B66 /* Release */,
			);
			defaultConfigurationIsVisible = 0;
			defaultConfigurationName = Release;
		};
		1490B5A1283AA705009F1B66 /* Build configuration list for PBXNativeTarget "VK" */ = {
			isa = XCConfigurationList;
			buildConfigurations = (
				1490B5A2283AA705009F1B66 /* Debug */,
				1490B5A3283AA705009F1B66 /* Release */,
			);
			defaultConfigurationIsVisible = 0;
			defaultConfigurationName = Release;
		};
/* End XCConfigurationList section */
	};
	rootObject = 1490B585283AA701009F1B66 /* Project object */;
}
